# This file is automatically @generated by Poetry 2.1.3 and should not be changed by hand.

[[package]]
name = "click"
version = "8.2.1"
description = "Composable command line interface toolkit"
optional = false
python-versions = ">=3.10"
groups = ["main"]
files = [
    {file = "click-8.2.1-py3-none-any.whl", hash = "sha256:61a3265b914e850b85317d0b3109c7f8cd35a670f963866005d6ef1d5175a12b"},
    {file = "click-8.2.1.tar.gz", hash = "sha256:27c491cc05d968d271d5a1db13e3b5a184636d9d930f148c50b038f0d0646202"},
]

[package.dependencies]
colorama = {version = "*", markers = "platform_system == \"Windows\""}

[[package]]
name = "cloudpickle"
version = "3.1.1"
description = "Pickler class to extend the standard pickle.Pickler functionality"
optional = false
python-versions = ">=3.8"
groups = ["main"]
files = [
    {file = "cloudpickle-3.1.1-py3-none-any.whl", hash = "sha256:c8c5a44295039331ee9dad40ba100a9c7297b6f988e50e87ccdf3765a668350e"},
    {file = "cloudpickle-3.1.1.tar.gz", hash = "sha256:b216fa8ae4019d5482a8ac3c95d8f6346115d8835911fd4aefd1a445e4242c64"},
]

[[package]]
name = "colorama"
version = "0.4.6"
description = "Cross-platform colored terminal text."
optional = false
python-versions = "!=3.0.*,!=3.1.*,!=3.2.*,!=3.3.*,!=3.4.*,!=3.5.*,!=3.6.*,>=2.7"
groups = ["main", "dev"]
files = [
    {file = "colorama-0.4.6-py2.py3-none-any.whl", hash = "sha256:4f1d9991f5acc0ca119f9d443620b77f9d6b33703e51011c16baf57afb285fc6"},
    {file = "colorama-0.4.6.tar.gz", hash = "sha256:08695f5cb7ed6e0531a20572697297273c47b8cae5a63ffc6d6ed5c201be6e44"},
]
markers = {main = "platform_system == \"Windows\"", dev = "sys_platform == \"win32\""}

[[package]]
name = "cytoolz"
version = "1.0.1"
description = "Cython implementation of Toolz: High performance functional utilities"
optional = false
python-versions = ">=3.8"
groups = ["dev"]
files = [
    {file = "cytoolz-1.0.1-cp310-cp310-macosx_10_9_x86_64.whl", hash = "sha256:cec9af61f71fc3853eb5dca3d42eb07d1f48a4599fa502cbe92adde85f74b042"},
    {file = "cytoolz-1.0.1-cp310-cp310-macosx_11_0_arm64.whl", hash = "sha256:140bbd649dbda01e91add7642149a5987a7c3ccc251f2263de894b89f50b6608"},
    {file = "cytoolz-1.0.1-cp310-cp310-manylinux_2_17_aarch64.manylinux2014_aarch64.whl", hash = "sha256:e90124bdc42ff58b88cdea1d24a6bc5f776414a314cc4d94f25c88badb3a16d1"},
    {file = "cytoolz-1.0.1-cp310-cp310-manylinux_2_17_ppc64le.manylinux2014_ppc64le.whl", hash = "sha256:e74801b751e28f7c5cc3ad264c123954a051f546f2fdfe089f5aa7a12ccfa6da"},
    {file = "cytoolz-1.0.1-cp310-cp310-manylinux_2_17_s390x.manylinux2014_s390x.whl", hash = "sha256:582dad4545ddfb5127494ef23f3fa4855f1673a35d50c66f7638e9fb49805089"},
    {file = "cytoolz-1.0.1-cp310-cp310-manylinux_2_17_x86_64.manylinux2014_x86_64.whl", hash = "sha256:dd7bd0618e16efe03bd12f19c2a26a27e6e6b75d7105adb7be1cd2a53fa755d8"},
    {file = "cytoolz-1.0.1-cp310-cp310-manylinux_2_5_i686.manylinux1_i686.manylinux_2_17_i686.manylinux2014_i686.whl", hash = "sha256:d74cca6acf1c4af58b2e4a89cc565ed61c5e201de2e434748c93e5a0f5c541a5"},
    {file = "cytoolz-1.0.1-cp310-cp310-musllinux_1_2_aarch64.whl", hash = "sha256:823a3763828d8d457f542b2a45d75d6b4ced5e470b5c7cf2ed66a02f508ed442"},
    {file = "cytoolz-1.0.1-cp310-cp310-musllinux_1_2_i686.whl", hash = "sha256:51633a14e6844c61db1d68c1ffd077cf949f5c99c60ed5f1e265b9e2966f1b52"},
    {file = "cytoolz-1.0.1-cp310-cp310-musllinux_1_2_ppc64le.whl", hash = "sha256:f3ec9b01c45348f1d0d712507d54c2bfd69c62fbd7c9ef555c9d8298693c2432"},
    {file = "cytoolz-1.0.1-cp310-cp310-musllinux_1_2_s390x.whl", hash = "sha256:1855022b712a9c7a5bce354517ab4727a38095f81e2d23d3eabaf1daeb6a3b3c"},
    {file = "cytoolz-1.0.1-cp310-cp310-musllinux_1_2_x86_64.whl", hash = "sha256:9930f7288c4866a1dc1cc87174f0c6ff4cad1671eb1f6306808aa6c445857d78"},
    {file = "cytoolz-1.0.1-cp310-cp310-win32.whl", hash = "sha256:a9baad795d72fadc3445ccd0f122abfdbdf94269157e6d6d4835636dad318804"},
    {file = "cytoolz-1.0.1-cp310-cp310-win_amd64.whl", hash = "sha256:ad95b386a84e18e1f6136f6d343d2509d4c3aae9f5a536f3dc96808fcc56a8cf"},
    {file = "cytoolz-1.0.1-cp311-cp311-macosx_10_9_x86_64.whl", hash = "sha256:2d958d4f04d9d7018e5c1850790d9d8e68b31c9a2deebca74b903706fdddd2b6"},
    {file = "cytoolz-1.0.1-cp311-cp311-macosx_11_0_arm64.whl", hash = "sha256:0f445b8b731fc0ecb1865b8e68a070084eb95d735d04f5b6c851db2daf3048ab"},
    {file = "cytoolz-1.0.1-cp311-cp311-manylinux_2_17_aarch64.manylinux2014_aarch64.whl", hash = "sha256:1f546a96460a7e28eb2ec439f4664fa646c9b3e51c6ebad9a59d3922bbe65e30"},
    {file = "cytoolz-1.0.1-cp311-cp311-manylinux_2_17_ppc64le.manylinux2014_ppc64le.whl", hash = "sha256:0317681dd065532d21836f860b0563b199ee716f55d0c1f10de3ce7100c78a3b"},
    {file = "cytoolz-1.0.1-cp311-cp311-manylinux_2_17_s390x.manylinux2014_s390x.whl", hash = "sha256:0c0ef52febd5a7821a3fd8d10f21d460d1a3d2992f724ba9c91fbd7a96745d41"},
    {file = "cytoolz-1.0.1-cp311-cp311-manylinux_2_17_x86_64.manylinux2014_x86_64.whl", hash = "sha256:f5ebaf419acf2de73b643cf96108702b8aef8e825cf4f63209ceb078d5fbbbfd"},
    {file = "cytoolz-1.0.1-cp311-cp311-manylinux_2_5_i686.manylinux1_i686.manylinux_2_17_i686.manylinux2014_i686.whl", hash = "sha256:5f7f04eeb4088947585c92d6185a618b25ad4a0f8f66ea30c8db83cf94a425e3"},
    {file = "cytoolz-1.0.1-cp311-cp311-musllinux_1_2_aarch64.whl", hash = "sha256:f61928803bb501c17914b82d457c6f50fe838b173fb40d39c38d5961185bd6c7"},
    {file = "cytoolz-1.0.1-cp311-cp311-musllinux_1_2_i686.whl", hash = "sha256:d2960cb4fa01ccb985ad1280db41f90dc97a80b397af970a15d5a5de403c8c61"},
    {file = "cytoolz-1.0.1-cp311-cp311-musllinux_1_2_ppc64le.whl", hash = "sha256:b2b407cc3e9defa8df5eb46644f6f136586f70ba49eba96f43de67b9a0984fd3"},
    {file = "cytoolz-1.0.1-cp311-cp311-musllinux_1_2_s390x.whl", hash = "sha256:8245f929144d4d3bd7b972c9593300195c6cea246b81b4c46053c48b3f044580"},
    {file = "cytoolz-1.0.1-cp311-cp311-musllinux_1_2_x86_64.whl", hash = "sha256:e37385db03af65763933befe89fa70faf25301effc3b0485fec1c15d4ce4f052"},
    {file = "cytoolz-1.0.1-cp311-cp311-win32.whl", hash = "sha256:50f9c530f83e3e574fc95c264c3350adde8145f4f8fc8099f65f00cc595e5ead"},
    {file = "cytoolz-1.0.1-cp311-cp311-win_amd64.whl", hash = "sha256:b7f6b617454b4326af7bd3c7c49b0fc80767f134eb9fd6449917a058d17a0e3c"},
    {file = "cytoolz-1.0.1-cp312-cp312-macosx_10_13_x86_64.whl", hash = "sha256:fcb8f7d0d65db1269022e7e0428471edee8c937bc288ebdcb72f13eaa67c2fe4"},
    {file = "cytoolz-1.0.1-cp312-cp312-macosx_11_0_arm64.whl", hash = "sha256:207d4e4b445e087e65556196ff472ff134370d9a275d591724142e255f384662"},
    {file = "cytoolz-1.0.1-cp312-cp312-manylinux_2_17_aarch64.manylinux2014_aarch64.whl", hash = "sha256:21cdf6bac6fd843f3b20280a66fd8df20dea4c58eb7214a2cd8957ec176f0bb3"},
    {file = "cytoolz-1.0.1-cp312-cp312-manylinux_2_17_ppc64le.manylinux2014_ppc64le.whl", hash = "sha256:4a55ec098036c0dea9f3bdc021f8acd9d105a945227d0811589f0573f21c9ce1"},
    {file = "cytoolz-1.0.1-cp312-cp312-manylinux_2_17_s390x.manylinux2014_s390x.whl", hash = "sha256:a13ab79ff4ce202e03ab646a2134696988b554b6dc4b71451e948403db1331d8"},
    {file = "cytoolz-1.0.1-cp312-cp312-manylinux_2_17_x86_64.manylinux2014_x86_64.whl", hash = "sha256:4e2d944799026e1ff08a83241f1027a2d9276c41f7a74224cd98b7df6e03957d"},
    {file = "cytoolz-1.0.1-cp312-cp312-manylinux_2_5_i686.manylinux1_i686.manylinux_2_17_i686.manylinux2014_i686.whl", hash = "sha256:88ba85834cd523b91fdf10325e1e6d71c798de36ea9bdc187ca7bd146420de6f"},
    {file = "cytoolz-1.0.1-cp312-cp312-musllinux_1_2_aarch64.whl", hash = "sha256:5a750b1af7e8bf6727f588940b690d69e25dc47cce5ce467925a76561317eaf7"},
    {file = "cytoolz-1.0.1-cp312-cp312-musllinux_1_2_i686.whl", hash = "sha256:44a71870f7eae31d263d08b87da7c2bf1176f78892ed8bdade2c2850478cb126"},
    {file = "cytoolz-1.0.1-cp312-cp312-musllinux_1_2_ppc64le.whl", hash = "sha256:c8231b9abbd8e368e036f4cc2e16902c9482d4cf9e02a6147ed0e9a3cd4a9ab0"},
    {file = "cytoolz-1.0.1-cp312-cp312-musllinux_1_2_s390x.whl", hash = "sha256:aa87599ccc755de5a096a4d6c34984de6cd9dc928a0c5eaa7607457317aeaf9b"},
    {file = "cytoolz-1.0.1-cp312-cp312-musllinux_1_2_x86_64.whl", hash = "sha256:67cd16537df51baabde3baa770ab7b8d16839c4d21219d5b96ac59fb012ebd2d"},
    {file = "cytoolz-1.0.1-cp312-cp312-win32.whl", hash = "sha256:fb988c333f05ee30ad4693fe4da55d95ec0bb05775d2b60191236493ea2e01f9"},
    {file = "cytoolz-1.0.1-cp312-cp312-win_amd64.whl", hash = "sha256:8f89c48d8e5aec55ffd566a8ec858706d70ed0c6a50228eca30986bfa5b4da8b"},
    {file = "cytoolz-1.0.1-cp313-cp313-macosx_10_13_x86_64.whl", hash = "sha256:6944bb93b287032a4c5ca6879b69bcd07df46f3079cf8393958cf0b0454f50c0"},
    {file = "cytoolz-1.0.1-cp313-cp313-macosx_11_0_arm64.whl", hash = "sha256:e027260fd2fc5cb041277158ac294fc13dca640714527219f702fb459a59823a"},
    {file = "cytoolz-1.0.1-cp313-cp313-manylinux_2_17_aarch64.manylinux2014_aarch64.whl", hash = "sha256:88662c0e07250d26f5af9bc95911e6137e124a5c1ec2ce4a5d74de96718ab242"},
    {file = "cytoolz-1.0.1-cp313-cp313-manylinux_2_17_ppc64le.manylinux2014_ppc64le.whl", hash = "sha256:309dffa78b0961b4c0cf55674b828fbbc793cf2d816277a5c8293c0c16155296"},
    {file = "cytoolz-1.0.1-cp313-cp313-manylinux_2_17_s390x.manylinux2014_s390x.whl", hash = "sha256:edb34246e6eb40343c5860fc51b24937698e4fa1ee415917a73ad772a9a1746b"},
    {file = "cytoolz-1.0.1-cp313-cp313-manylinux_2_17_x86_64.manylinux2014_x86_64.whl", hash = "sha256:0a54da7a8e4348a18d45d4d5bc84af6c716d7f131113a4f1cc45569d37edff1b"},
    {file = "cytoolz-1.0.1-cp313-cp313-manylinux_2_5_i686.manylinux1_i686.manylinux_2_17_i686.manylinux2014_i686.whl", hash = "sha256:241c679c3b1913c0f7259cf1d9639bed5084c86d0051641d537a0980548aa266"},
    {file = "cytoolz-1.0.1-cp313-cp313-musllinux_1_2_aarch64.whl", hash = "sha256:5bfc860251a8f280ac79696fc3343cfc3a7c30b94199e0240b6c9e5b6b01a2a5"},
    {file = "cytoolz-1.0.1-cp313-cp313-musllinux_1_2_i686.whl", hash = "sha256:c8edd1547014050c1bdad3ff85d25c82bd1c2a3c96830c6181521eb78b9a42b3"},
    {file = "cytoolz-1.0.1-cp313-cp313-musllinux_1_2_ppc64le.whl", hash = "sha256:b349bf6162e8de215403d7f35f8a9b4b1853dc2a48e6e1a609a5b1a16868b296"},
    {file = "cytoolz-1.0.1-cp313-cp313-musllinux_1_2_s390x.whl", hash = "sha256:1b18b35256219b6c3dd0fa037741b85d0bea39c552eab0775816e85a52834140"},
    {file = "cytoolz-1.0.1-cp313-cp313-musllinux_1_2_x86_64.whl", hash = "sha256:738b2350f340ff8af883eb301054eb724997f795d20d90daec7911c389d61581"},
    {file = "cytoolz-1.0.1-cp313-cp313-win32.whl", hash = "sha256:9cbd9c103df54fcca42be55ef40e7baea624ac30ee0b8bf1149f21146d1078d9"},
    {file = "cytoolz-1.0.1-cp313-cp313-win_amd64.whl", hash = "sha256:90e577e08d3a4308186d9e1ec06876d4756b1e8164b92971c69739ea17e15297"},
    {file = "cytoolz-1.0.1-cp38-cp38-macosx_10_9_x86_64.whl", hash = "sha256:f3a509e4ac8e711703c368476b9bbce921fcef6ebb87fa3501525f7000e44185"},
    {file = "cytoolz-1.0.1-cp38-cp38-macosx_11_0_arm64.whl", hash = "sha256:a7eecab6373e933dfbf4fdc0601d8fd7614f8de76793912a103b5fccf98170cd"},
    {file = "cytoolz-1.0.1-cp38-cp38-manylinux_2_17_aarch64.manylinux2014_aarch64.whl", hash = "sha256:e55ed62087f6e3e30917b5f55350c3b6be6470b849c6566018419cd159d2cebc"},
    {file = "cytoolz-1.0.1-cp38-cp38-manylinux_2_17_ppc64le.manylinux2014_ppc64le.whl", hash = "sha256:43de33d99a4ccc07234cecd81f385456b55b0ea9c39c9eebf42f024c313728a5"},
    {file = "cytoolz-1.0.1-cp38-cp38-manylinux_2_17_s390x.manylinux2014_s390x.whl", hash = "sha256:139bed875828e1727018aa0982aa140e055cbafccb7fd89faf45cbb4f2a21514"},
    {file = "cytoolz-1.0.1-cp38-cp38-manylinux_2_17_x86_64.manylinux2014_x86_64.whl", hash = "sha256:22c12671194b518aa8ce2f4422bd5064f25ab57f410ba0b78705d0a219f4a97a"},
    {file = "cytoolz-1.0.1-cp38-cp38-manylinux_2_5_i686.manylinux1_i686.manylinux_2_17_i686.manylinux2014_i686.whl", hash = "sha256:79888f2f7dc25709cd5d37b032a8833741e6a3692c8823be181d542b5999128e"},
    {file = "cytoolz-1.0.1-cp38-cp38-musllinux_1_2_aarch64.whl", hash = "sha256:51628b4eb41fa25bd428f8f7b5b74fbb05f3ae65fbd265019a0dd1ded4fdf12a"},
    {file = "cytoolz-1.0.1-cp38-cp38-musllinux_1_2_i686.whl", hash = "sha256:1db9eb7179285403d2fb56ba1ff6ec35a44921b5e2fa5ca19d69f3f9f0285ea5"},
    {file = "cytoolz-1.0.1-cp38-cp38-musllinux_1_2_ppc64le.whl", hash = "sha256:08ab7efae08e55812340bfd1b3f09f63848fe291675e2105eab1aa5327d3a16e"},
    {file = "cytoolz-1.0.1-cp38-cp38-musllinux_1_2_s390x.whl", hash = "sha256:e5fdc5264f884e7c0a1711a81dff112708a64b9c8561654ee578bfdccec6be09"},
    {file = "cytoolz-1.0.1-cp38-cp38-musllinux_1_2_x86_64.whl", hash = "sha256:90d6a2e6ab891043ee655ec99d5e77455a9bee9e1131bdfcfb745edde81200dd"},
    {file = "cytoolz-1.0.1-cp38-cp38-win32.whl", hash = "sha256:08946e083faa5147751b34fbf78ab931f149ef758af5c1092932b459e18dcf5c"},
    {file = "cytoolz-1.0.1-cp38-cp38-win_amd64.whl", hash = "sha256:a91b4e10a9c03796c0dc93e47ebe25bb41ecc6fafc3cf5197c603cf767a3d44d"},
    {file = "cytoolz-1.0.1-cp39-cp39-macosx_10_9_x86_64.whl", hash = "sha256:980c323e626ba298b77ae62871b2de7c50b9d7219e2ddf706f52dd34b8be7349"},
    {file = "cytoolz-1.0.1-cp39-cp39-macosx_11_0_arm64.whl", hash = "sha256:45f6fa1b512bc2a0f2de5123db932df06c7f69d12874fe06d67772b2828e2c8b"},
    {file = "cytoolz-1.0.1-cp39-cp39-manylinux_2_17_aarch64.manylinux2014_aarch64.whl", hash = "sha256:f93f42d9100c415155ad1f71b0de362541afd4ac95e3153467c4c79972521b6b"},
    {file = "cytoolz-1.0.1-cp39-cp39-manylinux_2_17_ppc64le.manylinux2014_ppc64le.whl", hash = "sha256:a76d20dec9c090cdf4746255bbf06a762e8cc29b5c9c1d138c380bbdb3122ade"},
    {file = "cytoolz-1.0.1-cp39-cp39-manylinux_2_17_s390x.manylinux2014_s390x.whl", hash = "sha256:239039585487c69aa50c5b78f6a422016297e9dea39755761202fb9f0530fe87"},
    {file = "cytoolz-1.0.1-cp39-cp39-manylinux_2_17_x86_64.manylinux2014_x86_64.whl", hash = "sha256:c28307640ca2ab57b9fbf0a834b9bf563958cd9e038378c3a559f45f13c3c541"},
    {file = "cytoolz-1.0.1-cp39-cp39-manylinux_2_5_i686.manylinux1_i686.manylinux_2_17_i686.manylinux2014_i686.whl", hash = "sha256:454880477bb901cee3a60f6324ec48c95d45acc7fecbaa9d49a5af737ded0595"},
    {file = "cytoolz-1.0.1-cp39-cp39-musllinux_1_2_aarch64.whl", hash = "sha256:902115d1b1f360fd81e44def30ac309b8641661150fcbdde18ead446982ada6a"},
    {file = "cytoolz-1.0.1-cp39-cp39-musllinux_1_2_i686.whl", hash = "sha256:e68e6b38473a3a79cee431baa22be31cac39f7df1bf23eaa737eaff42e213883"},
    {file = "cytoolz-1.0.1-cp39-cp39-musllinux_1_2_ppc64le.whl", hash = "sha256:32fba3f63fcb76095b0a22f4bdcc22bc62a2bd2d28d58bf02fd21754c155a3ec"},
    {file = "cytoolz-1.0.1-cp39-cp39-musllinux_1_2_s390x.whl", hash = "sha256:0724ba4cf41eb40b6cf75250820ab069e44bdf4183ff78857aaf4f0061551075"},
    {file = "cytoolz-1.0.1-cp39-cp39-musllinux_1_2_x86_64.whl", hash = "sha256:c42420e0686f887040d5230420ed44f0e960ccbfa29a0d65a3acd9ca52459209"},
    {file = "cytoolz-1.0.1-cp39-cp39-win32.whl", hash = "sha256:4ba8b16358ea56b1fe8e637ec421e36580866f2e787910bac1cf0a6997424a34"},
    {file = "cytoolz-1.0.1-cp39-cp39-win_amd64.whl", hash = "sha256:92d27f84bf44586853d9562bfa3610ecec000149d030f793b4cb614fd9da1813"},
    {file = "cytoolz-1.0.1-pp310-pypy310_pp73-macosx_10_15_x86_64.whl", hash = "sha256:83d19d55738ad9c60763b94f3f6d3c6e4de979aeb8d76841c1401081e0e58d96"},
    {file = "cytoolz-1.0.1-pp310-pypy310_pp73-manylinux_2_17_aarch64.manylinux2014_aarch64.whl", hash = "sha256:f112a71fad6ea824578e6393765ce5c054603afe1471a5c753ff6c67fd872d10"},
    {file = "cytoolz-1.0.1-pp310-pypy310_pp73-manylinux_2_5_i686.manylinux1_i686.manylinux_2_17_i686.manylinux2014_i686.whl", hash = "sha256:5a515df8f8aa6e1eaaf397761a6e4aff2eef73b5f920aedf271416d5471ae5ee"},
    {file = "cytoolz-1.0.1-pp310-pypy310_pp73-manylinux_2_5_x86_64.manylinux1_x86_64.manylinux_2_17_x86_64.manylinux2014_x86_64.whl", hash = "sha256:92c398e7b7023460bea2edffe5fcd0a76029580f06c3f6938ac3d198b47156f3"},
    {file = "cytoolz-1.0.1-pp310-pypy310_pp73-win_amd64.whl", hash = "sha256:3237e56211e03b13df47435b2369f5df281e02b04ad80a948ebd199b7bc10a47"},
    {file = "cytoolz-1.0.1-pp38-pypy38_pp73-macosx_10_9_x86_64.whl", hash = "sha256:ba0d1da50aab1909b165f615ba1125c8b01fcc30d606c42a61c42ea0269b5e2c"},
    {file = "cytoolz-1.0.1-pp38-pypy38_pp73-manylinux_2_17_aarch64.manylinux2014_aarch64.whl", hash = "sha256:25b6e8dec29aa5a390092d193abd673e027d2c0b50774ae816a31454286c45c7"},
    {file = "cytoolz-1.0.1-pp38-pypy38_pp73-manylinux_2_5_i686.manylinux1_i686.manylinux_2_17_i686.manylinux2014_i686.whl", hash = "sha256:36cd6989ebb2f18fe9af8f13e3c61064b9f741a40d83dc5afeb0322338ad25f2"},
    {file = "cytoolz-1.0.1-pp38-pypy38_pp73-manylinux_2_5_x86_64.manylinux1_x86_64.manylinux_2_17_x86_64.manylinux2014_x86_64.whl", hash = "sha256:a47394f8ab7fca3201f40de61fdeea20a2baffb101485ae14901ea89c3f6c95d"},
    {file = "cytoolz-1.0.1-pp38-pypy38_pp73-win_amd64.whl", hash = "sha256:d00ac423542af944302e034e618fb055a0c4e87ba704cd6a79eacfa6ac83a3c9"},
    {file = "cytoolz-1.0.1-pp39-pypy39_pp73-macosx_10_15_x86_64.whl", hash = "sha256:a5ca923d1fa632f7a4fb33c0766c6fba7f87141a055c305c3e47e256fb99c413"},
    {file = "cytoolz-1.0.1-pp39-pypy39_pp73-manylinux_2_17_aarch64.manylinux2014_aarch64.whl", hash = "sha256:058bf996bcae9aad3acaeeb937d42e0c77c081081e67e24e9578a6a353cb7fb2"},
    {file = "cytoolz-1.0.1-pp39-pypy39_pp73-manylinux_2_5_i686.manylinux1_i686.manylinux_2_17_i686.manylinux2014_i686.whl", hash = "sha256:69e2a1f41a3dad94a17aef4a5cc003323359b9f0a9d63d4cc867cb5690a2551d"},
    {file = "cytoolz-1.0.1-pp39-pypy39_pp73-manylinux_2_5_x86_64.manylinux1_x86_64.manylinux_2_17_x86_64.manylinux2014_x86_64.whl", hash = "sha256:67daeeeadb012ec2b59d63cb29c4f2a2023b0c4957c3342d354b8bb44b209e9a"},
    {file = "cytoolz-1.0.1-pp39-pypy39_pp73-win_amd64.whl", hash = "sha256:54d3d36bbf0d4344d1afa22c58725d1668e30ff9de3a8f56b03db1a6da0acb11"},
    {file = "cytoolz-1.0.1.tar.gz", hash = "sha256:89cc3161b89e1bb3ed7636f74ed2e55984fd35516904fc878cae216e42b2c7d6"},
]

[package.dependencies]
toolz = ">=0.8.0"

[package.extras]
cython = ["cython"]

[[package]]
name = "dask"
version = "2025.7.0"
description = "Parallel PyData with Task Scheduling"
optional = false
python-versions = ">=3.10"
groups = ["main"]
files = [
    {file = "dask-2025.7.0-py3-none-any.whl", hash = "sha256:073c29c4e99c2400a39a8a67874f35c1d15bf7af9ae3d0c30af3c7c1199f24ae"},
    {file = "dask-2025.7.0.tar.gz", hash = "sha256:c3a0d4e78882e85ea81dbc71e6459713e45676e2d17e776c2f3f19848039e4cf"},
]

[package.dependencies]
click = ">=8.1"
cloudpickle = ">=3.0.0"
fsspec = ">=2021.09.0"
importlib_metadata = {version = ">=4.13.0", markers = "python_version < \"3.12\""}
packaging = ">=20.0"
partd = ">=1.4.0"
pyyaml = ">=5.3.1"
toolz = ">=0.10.0"

[package.extras]
array = ["numpy (>=1.24)"]
complete = ["dask[array,dataframe,diagnostics,distributed]", "lz4 (>=4.3.2)", "pyarrow (>=14.0.1)"]
dataframe = ["dask[array]", "pandas (>=2.0)", "pyarrow (>=14.0.1)"]
diagnostics = ["bokeh (>=3.1.0)", "jinja2 (>=2.10.3)"]
distributed = ["distributed (==2025.7.0)"]
test = ["pandas[test]", "pre-commit", "pytest", "pytest-cov", "pytest-mock", "pytest-rerunfailures", "pytest-timeout", "pytest-xdist"]

[[package]]
name = "exceptiongroup"
version = "1.3.0"
description = "Backport of PEP 654 (exception groups)"
optional = false
python-versions = ">=3.7"
groups = ["dev"]
markers = "python_version == \"3.10\""
files = [
    {file = "exceptiongroup-1.3.0-py3-none-any.whl", hash = "sha256:4d111e6e0c13d0644cad6ddaa7ed0261a0b36971f6d23e7ec9b4b9097da78a10"},
    {file = "exceptiongroup-1.3.0.tar.gz", hash = "sha256:b241f5885f560bc56a59ee63ca4c6a8bfa46ae4ad651af316d4e81817bb9fd88"},
]

[package.dependencies]
typing-extensions = {version = ">=4.6.0", markers = "python_version < \"3.13\""}

[package.extras]
test = ["pytest (>=6)"]

[[package]]
name = "execnet"
version = "2.1.1"
description = "execnet: rapid multi-Python deployment"
optional = false
python-versions = ">=3.8"
groups = ["dev"]
files = [
    {file = "execnet-2.1.1-py3-none-any.whl", hash = "sha256:26dee51f1b80cebd6d0ca8e74dd8745419761d3bef34163928cbebbdc4749fdc"},
    {file = "execnet-2.1.1.tar.gz", hash = "sha256:5189b52c6121c24feae288166ab41b32549c7e2348652736540b9e6e7d4e72e3"},
]

[package.extras]
testing = ["hatch", "pre-commit", "pytest", "tox"]

[[package]]
name = "flake8"
version = "7.3.0"
description = "the modular source code checker: pep8 pyflakes and co"
optional = false
python-versions = ">=3.9"
groups = ["dev"]
files = [
    {file = "flake8-7.3.0-py2.py3-none-any.whl", hash = "sha256:b9696257b9ce8beb888cdbe31cf885c90d31928fe202be0889a7cdafad32f01e"},
    {file = "flake8-7.3.0.tar.gz", hash = "sha256:fe044858146b9fc69b551a4b490d69cf960fcb78ad1edcb84e7fbb1b4a8e3872"},
]

[package.dependencies]
mccabe = ">=0.7.0,<0.8.0"
pycodestyle = ">=2.14.0,<2.15.0"
pyflakes = ">=3.4.0,<3.5.0"

[[package]]
name = "fsspec"
version = "2025.9.0"
description = "File-system specification"
optional = false
python-versions = ">=3.9"
groups = ["main"]
files = [
    {file = "fsspec-2025.9.0-py3-none-any.whl", hash = "sha256:530dc2a2af60a414a832059574df4a6e10cce927f6f4a78209390fe38955cfb7"},
    {file = "fsspec-2025.9.0.tar.gz", hash = "sha256:19fd429483d25d28b65ec68f9f4adc16c17ea2c7c7bf54ec61360d478fb19c19"},
]

[package.extras]
abfs = ["adlfs"]
adl = ["adlfs"]
arrow = ["pyarrow (>=1)"]
dask = ["dask", "distributed"]
dev = ["pre-commit", "ruff (>=0.5)"]
doc = ["numpydoc", "sphinx", "sphinx-design", "sphinx-rtd-theme", "yarl"]
dropbox = ["dropbox", "dropboxdrivefs", "requests"]
full = ["adlfs", "aiohttp (!=4.0.0a0,!=4.0.0a1)", "dask", "distributed", "dropbox", "dropboxdrivefs", "fusepy", "gcsfs", "libarchive-c", "ocifs", "panel", "paramiko", "pyarrow (>=1)", "pygit2", "requests", "s3fs", "smbprotocol", "tqdm"]
fuse = ["fusepy"]
gcs = ["gcsfs"]
git = ["pygit2"]
github = ["requests"]
gs = ["gcsfs"]
gui = ["panel"]
hdfs = ["pyarrow (>=1)"]
http = ["aiohttp (!=4.0.0a0,!=4.0.0a1)"]
libarchive = ["libarchive-c"]
oci = ["ocifs"]
s3 = ["s3fs"]
sftp = ["paramiko"]
smb = ["smbprotocol"]
ssh = ["paramiko"]
test = ["aiohttp (!=4.0.0a0,!=4.0.0a1)", "numpy", "pytest", "pytest-asyncio (!=0.22.0)", "pytest-benchmark", "pytest-cov", "pytest-mock", "pytest-recording", "pytest-rerunfailures", "requests"]
test-downstream = ["aiobotocore (>=2.5.4,<3.0.0)", "dask[dataframe,test]", "moto[server] (>4,<5)", "pytest-timeout", "xarray"]
test-full = ["adlfs", "aiohttp (!=4.0.0a0,!=4.0.0a1)", "cloudpickle", "dask", "distributed", "dropbox", "dropboxdrivefs", "fastparquet", "fusepy", "gcsfs", "jinja2", "kerchunk", "libarchive-c", "lz4", "notebook", "numpy", "ocifs", "pandas", "panel", "paramiko", "pyarrow", "pyarrow (>=1)", "pyftpdlib", "pygit2", "pytest", "pytest-asyncio (!=0.22.0)", "pytest-benchmark", "pytest-cov", "pytest-mock", "pytest-recording", "pytest-rerunfailures", "python-snappy", "requests", "smbprotocol", "tqdm", "urllib3", "zarr", "zstandard ; python_version < \"3.14\""]
tqdm = ["tqdm"]

[[package]]
name = "importlib-metadata"
version = "8.7.0"
description = "Read metadata from Python packages"
optional = false
python-versions = ">=3.9"
groups = ["main"]
markers = "python_version < \"3.12\""
files = [
    {file = "importlib_metadata-8.7.0-py3-none-any.whl", hash = "sha256:e5dd1551894c77868a30651cef00984d50e1002d06942a7101d34870c5f02afd"},
    {file = "importlib_metadata-8.7.0.tar.gz", hash = "sha256:d13b81ad223b890aa16c5471f2ac3056cf76c5f10f82d6f9292f0b415f389000"},
]

[package.dependencies]
zipp = ">=3.20"

[package.extras]
check = ["pytest-checkdocs (>=2.4)", "pytest-ruff (>=0.2.1) ; sys_platform != \"cygwin\""]
cover = ["pytest-cov"]
doc = ["furo", "jaraco.packaging (>=9.3)", "jaraco.tidelift (>=1.4)", "rst.linker (>=1.9)", "sphinx (>=3.5)", "sphinx-lint"]
enabler = ["pytest-enabler (>=2.2)"]
perf = ["ipython"]
test = ["flufl.flake8", "importlib_resources (>=1.3) ; python_version < \"3.9\"", "jaraco.test (>=5.4)", "packaging", "pyfakefs", "pytest (>=6,!=8.1.*)", "pytest-perf (>=0.9.2)"]
type = ["pytest-mypy"]

[[package]]
name = "iniconfig"
version = "2.1.0"
description = "brain-dead simple config-ini parsing"
optional = false
python-versions = ">=3.8"
groups = ["dev"]
files = [
    {file = "iniconfig-2.1.0-py3-none-any.whl", hash = "sha256:9deba5723312380e77435581c6bf4935c94cbfab9b1ed33ef8d238ea168eb760"},
    {file = "iniconfig-2.1.0.tar.gz", hash = "sha256:3abbd2e30b36733fee78f9c7f7308f2d0050e88f0087fd25c2645f63c773e1c7"},
]

[[package]]
name = "isort"
version = "6.0.1"
description = "A Python utility / library to sort Python imports."
optional = false
python-versions = ">=3.9.0"
groups = ["dev"]
files = [
    {file = "isort-6.0.1-py3-none-any.whl", hash = "sha256:2dc5d7f65c9678d94c88dfc29161a320eec67328bc97aad576874cb4be1e9615"},
    {file = "isort-6.0.1.tar.gz", hash = "sha256:1cb5df28dfbc742e490c5e41bad6da41b805b0a8be7bc93cd0fb2a8a890ac450"},
]

[package.extras]
colors = ["colorama"]
plugins = ["setuptools"]

[[package]]
name = "locket"
version = "1.0.0"
description = "File-based locks for Python on Linux and Windows"
optional = false
python-versions = ">=2.7, !=3.0.*, !=3.1.*, !=3.2.*, !=3.3.*"
groups = ["main"]
files = [
    {file = "locket-1.0.0-py2.py3-none-any.whl", hash = "sha256:b6c819a722f7b6bd955b80781788e4a66a55628b858d347536b7e81325a3a5e3"},
    {file = "locket-1.0.0.tar.gz", hash = "sha256:5c0d4c052a8bbbf750e056a8e65ccd309086f4f0f18a2eac306a8dfa4112a632"},
]

[[package]]
name = "mccabe"
version = "0.7.0"
description = "McCabe checker, plugin for flake8"
optional = false
python-versions = ">=3.6"
groups = ["dev"]
files = [
    {file = "mccabe-0.7.0-py2.py3-none-any.whl", hash = "sha256:6c2d30ab6be0e4a46919781807b4f0d834ebdd6c6e3dca0bda5a15f863427b6e"},
    {file = "mccabe-0.7.0.tar.gz", hash = "sha256:348e0240c33b60bbdf4e523192ef919f28cb2c3d7d5c7794f74009290f236325"},
]

[[package]]
name = "packaging"
version = "25.0"
description = "Core utilities for Python packages"
optional = false
python-versions = ">=3.8"
groups = ["main", "dev"]
files = [
    {file = "packaging-25.0-py3-none-any.whl", hash = "sha256:29572ef2b1f17581046b3a2227d5c611fb25ec70ca1ba8554b24b0e69331a484"},
    {file = "packaging-25.0.tar.gz", hash = "sha256:d443872c98d677bf60f6a1f2f8c1cb748e8fe762d2bf9d3148b5599295b0fc4f"},
]

[[package]]
name = "partd"
version = "1.4.2"
description = "Appendable key-value storage"
optional = false
python-versions = ">=3.9"
groups = ["main"]
files = [
    {file = "partd-1.4.2-py3-none-any.whl", hash = "sha256:978e4ac767ec4ba5b86c6eaa52e5a2a3bc748a2ca839e8cc798f1cc6ce6efb0f"},
    {file = "partd-1.4.2.tar.gz", hash = "sha256:d022c33afbdc8405c226621b015e8067888173d85f7f5ecebb3cafed9a20f02c"},
]

[package.dependencies]
locket = "*"
toolz = "*"

[package.extras]
complete = ["blosc", "numpy (>=1.20.0)", "pandas (>=1.3)", "pyzmq"]

[[package]]
name = "pluggy"
version = "1.6.0"
description = "plugin and hook calling mechanisms for python"
optional = false
python-versions = ">=3.9"
groups = ["dev"]
files = [
    {file = "pluggy-1.6.0-py3-none-any.whl", hash = "sha256:e920276dd6813095e9377c0bc5566d94c932c33b27a3e3945d8389c374dd4746"},
    {file = "pluggy-1.6.0.tar.gz", hash = "sha256:7dcc130b76258d33b90f61b658791dede3486c3e6bfb003ee5c9bfb396dd22f3"},
]

[package.extras]
dev = ["pre-commit", "tox"]
testing = ["coverage", "pytest", "pytest-benchmark"]

[[package]]
name = "py-cpuinfo"
version = "9.0.0"
description = "Get CPU info with pure Python"
optional = false
python-versions = "*"
groups = ["dev"]
files = [
    {file = "py-cpuinfo-9.0.0.tar.gz", hash = "sha256:3cdbbf3fac90dc6f118bfd64384f309edeadd902d7c8fb17f02ffa1fc3f49690"},
    {file = "py_cpuinfo-9.0.0-py3-none-any.whl", hash = "sha256:859625bc251f64e21f077d099d4162689c762b5d6a4c3c97553d56241c9674d5"},
]

[[package]]
name = "pycodestyle"
version = "2.14.0"
description = "Python style guide checker"
optional = false
python-versions = ">=3.9"
groups = ["dev"]
files = [
    {file = "pycodestyle-2.14.0-py2.py3-none-any.whl", hash = "sha256:dd6bf7cb4ee77f8e016f9c8e74a35ddd9f67e1d5fd4184d86c3b98e07099f42d"},
    {file = "pycodestyle-2.14.0.tar.gz", hash = "sha256:c4b5b517d278089ff9d0abdec919cd97262a3367449ea1c8b49b91529167b783"},
]

[[package]]
name = "pyflakes"
version = "3.4.0"
description = "passive checker of Python programs"
optional = false
python-versions = ">=3.9"
groups = ["dev"]
files = [
    {file = "pyflakes-3.4.0-py2.py3-none-any.whl", hash = "sha256:f742a7dbd0d9cb9ea41e9a24a918996e8170c799fa528688d40dd582c8265f4f"},
    {file = "pyflakes-3.4.0.tar.gz", hash = "sha256:b24f96fafb7d2ab0ec5075b7350b3d2d2218eab42003821c06344973d3ea2f58"},
]

[[package]]
name = "pygments"
version = "2.19.2"
description = "Pygments is a syntax highlighting package written in Python."
optional = false
python-versions = ">=3.8"
groups = ["dev"]
files = [
    {file = "pygments-2.19.2-py3-none-any.whl", hash = "sha256:86540386c03d588bb81d44bc3928634ff26449851e99741617ecb9037ee5ec0b"},
    {file = "pygments-2.19.2.tar.gz", hash = "sha256:636cb2477cec7f8952536970bc533bc43743542f70392ae026374600add5b887"},
]

[package.extras]
windows-terminal = ["colorama (>=0.4.6)"]

[[package]]
name = "pytest"
version = "8.4.2"
description = "pytest: simple powerful testing with Python"
optional = false
python-versions = ">=3.9"
groups = ["dev"]
files = [
    {file = "pytest-8.4.2-py3-none-any.whl", hash = "sha256:872f880de3fc3a5bdc88a11b39c9710c3497a547cfa9320bc3c5e62fbf272e79"},
    {file = "pytest-8.4.2.tar.gz", hash = "sha256:86c0d0b93306b961d58d62a4db4879f27fe25513d4b969df351abdddb3c30e01"},
]

[package.dependencies]
colorama = {version = ">=0.4", markers = "sys_platform == \"win32\""}
exceptiongroup = {version = ">=1", markers = "python_version < \"3.11\""}
iniconfig = ">=1"
packaging = ">=20"
pluggy = ">=1.5,<2"
pygments = ">=2.7.2"
tomli = {version = ">=1", markers = "python_version < \"3.11\""}

[package.extras]
dev = ["argcomplete", "attrs (>=19.2)", "hypothesis (>=3.56)", "mock", "requests", "setuptools", "xmlschema"]

[[package]]
name = "pytest-benchmark"
version = "5.1.0"
description = "A ``pytest`` fixture for benchmarking code. It will group the tests into rounds that are calibrated to the chosen timer."
optional = false
python-versions = ">=3.9"
groups = ["dev"]
files = [
    {file = "pytest-benchmark-5.1.0.tar.gz", hash = "sha256:9ea661cdc292e8231f7cd4c10b0319e56a2118e2c09d9f50e1b3d150d2aca105"},
    {file = "pytest_benchmark-5.1.0-py3-none-any.whl", hash = "sha256:922de2dfa3033c227c96da942d1878191afa135a29485fb942e85dff1c592c89"},
]

[package.dependencies]
py-cpuinfo = "*"
pytest = ">=8.1"

[package.extras]
aspect = ["aspectlib"]
elasticsearch = ["elasticsearch"]
histogram = ["pygal", "pygaljs", "setuptools"]

[[package]]
name = "pytest-cache"
version = "1.0"
description = "pytest plugin with mechanisms for caching across test runs"
optional = false
python-versions = "*"
groups = ["dev"]
files = [
    {file = "pytest-cache-1.0.tar.gz", hash = "sha256:be7468edd4d3d83f1e844959fd6e3fd28e77a481440a7118d430130ea31b07a9"},
]

[package.dependencies]
execnet = ">=1.1.dev1"
pytest = ">=2.2"

[[package]]
name = "pytest-flake8"
version = "1.3.0"
description = "pytest plugin to check FLAKE8 requirements"
optional = false
python-versions = ">=3.9"
groups = ["dev"]
files = [
    {file = "pytest_flake8-1.3.0-py3-none-any.whl", hash = "sha256:de10517c59fce25c0a7abb2a2b2a9d0b0ceb59ff0add7fa8e654d613bb25e218"},
    {file = "pytest_flake8-1.3.0.tar.gz", hash = "sha256:88fb35562ce32d915c6ba41ef0d5e1cfcdd8ff884a32b7d46aa99fc77a3d1fe6"},
]

[package.dependencies]
flake8 = ">=4.0"
pytest = ">=7.0"

[package.extras]
check = ["pytest-checkdocs (>=2.4)", "pytest-ruff (>=0.2.1) ; sys_platform != \"cygwin\""]
cover = ["pytest-cov"]
doc = ["furo", "jaraco.packaging (>=9.3)", "rst.linker (>=1.9)", "sphinx (>=3.5)", "sphinx-lint"]
enabler = ["pytest-enabler (>=2.2)"]
test = ["pytest (>=6,!=8.1.*)"]
type = ["pytest-mypy"]

[[package]]
name = "pytest-isort"
version = "4.0.0"
description = "py.test plugin to check import ordering using isort"
optional = false
python-versions = ">=3.8,<4"
groups = ["dev"]
files = [
    {file = "pytest_isort-4.0.0-py3-none-any.whl", hash = "sha256:14bb3281bab587d6beb53129481e8885232249ec5cfeaf5d903a561ff0589620"},
    {file = "pytest_isort-4.0.0.tar.gz", hash = "sha256:00e99642e282b00b849cf9b49d9102a02ab8c4ec549ace57d7868b723713aaa9"},
]

[package.dependencies]
isort = ">=4.0"
pytest = ">=5.0"

[[package]]
name = "pyyaml"
version = "6.0.2"
description = "YAML parser and emitter for Python"
optional = false
python-versions = ">=3.8"
groups = ["main"]
files = [
    {file = "PyYAML-6.0.2-cp310-cp310-macosx_10_9_x86_64.whl", hash = "sha256:0a9a2848a5b7feac301353437eb7d5957887edbf81d56e903999a75a3d743086"},
    {file = "PyYAML-6.0.2-cp310-cp310-macosx_11_0_arm64.whl", hash = "sha256:29717114e51c84ddfba879543fb232a6ed60086602313ca38cce623c1d62cfbf"},
    {file = "PyYAML-6.0.2-cp310-cp310-manylinux_2_17_aarch64.manylinux2014_aarch64.whl", hash = "sha256:8824b5a04a04a047e72eea5cec3bc266db09e35de6bdfe34c9436ac5ee27d237"},
    {file = "PyYAML-6.0.2-cp310-cp310-manylinux_2_17_s390x.manylinux2014_s390x.whl", hash = "sha256:7c36280e6fb8385e520936c3cb3b8042851904eba0e58d277dca80a5cfed590b"},
    {file = "PyYAML-6.0.2-cp310-cp310-manylinux_2_17_x86_64.manylinux2014_x86_64.whl", hash = "sha256:ec031d5d2feb36d1d1a24380e4db6d43695f3748343d99434e6f5f9156aaa2ed"},
    {file = "PyYAML-6.0.2-cp310-cp310-musllinux_1_1_aarch64.whl", hash = "sha256:936d68689298c36b53b29f23c6dbb74de12b4ac12ca6cfe0e047bedceea56180"},
    {file = "PyYAML-6.0.2-cp310-cp310-musllinux_1_1_x86_64.whl", hash = "sha256:23502f431948090f597378482b4812b0caae32c22213aecf3b55325e049a6c68"},
    {file = "PyYAML-6.0.2-cp310-cp310-win32.whl", hash = "sha256:2e99c6826ffa974fe6e27cdb5ed0021786b03fc98e5ee3c5bfe1fd5015f42b99"},
    {file = "PyYAML-6.0.2-cp310-cp310-win_amd64.whl", hash = "sha256:a4d3091415f010369ae4ed1fc6b79def9416358877534caf6a0fdd2146c87a3e"},
    {file = "PyYAML-6.0.2-cp311-cp311-macosx_10_9_x86_64.whl", hash = "sha256:cc1c1159b3d456576af7a3e4d1ba7e6924cb39de8f67111c735f6fc832082774"},
    {file = "PyYAML-6.0.2-cp311-cp311-macosx_11_0_arm64.whl", hash = "sha256:1e2120ef853f59c7419231f3bf4e7021f1b936f6ebd222406c3b60212205d2ee"},
    {file = "PyYAML-6.0.2-cp311-cp311-manylinux_2_17_aarch64.manylinux2014_aarch64.whl", hash = "sha256:5d225db5a45f21e78dd9358e58a98702a0302f2659a3c6cd320564b75b86f47c"},
    {file = "PyYAML-6.0.2-cp311-cp311-manylinux_2_17_s390x.manylinux2014_s390x.whl", hash = "sha256:5ac9328ec4831237bec75defaf839f7d4564be1e6b25ac710bd1a96321cc8317"},
    {file = "PyYAML-6.0.2-cp311-cp311-manylinux_2_17_x86_64.manylinux2014_x86_64.whl", hash = "sha256:3ad2a3decf9aaba3d29c8f537ac4b243e36bef957511b4766cb0057d32b0be85"},
    {file = "PyYAML-6.0.2-cp311-cp311-musllinux_1_1_aarch64.whl", hash = "sha256:ff3824dc5261f50c9b0dfb3be22b4567a6f938ccce4587b38952d85fd9e9afe4"},
    {file = "PyYAML-6.0.2-cp311-cp311-musllinux_1_1_x86_64.whl", hash = "sha256:797b4f722ffa07cc8d62053e4cff1486fa6dc094105d13fea7b1de7d8bf71c9e"},
    {file = "PyYAML-6.0.2-cp311-cp311-win32.whl", hash = "sha256:11d8f3dd2b9c1207dcaf2ee0bbbfd5991f571186ec9cc78427ba5bd32afae4b5"},
    {file = "PyYAML-6.0.2-cp311-cp311-win_amd64.whl", hash = "sha256:e10ce637b18caea04431ce14fabcf5c64a1c61ec9c56b071a4b7ca131ca52d44"},
    {file = "PyYAML-6.0.2-cp312-cp312-macosx_10_9_x86_64.whl", hash = "sha256:c70c95198c015b85feafc136515252a261a84561b7b1d51e3384e0655ddf25ab"},
    {file = "PyYAML-6.0.2-cp312-cp312-macosx_11_0_arm64.whl", hash = "sha256:ce826d6ef20b1bc864f0a68340c8b3287705cae2f8b4b1d932177dcc76721725"},
    {file = "PyYAML-6.0.2-cp312-cp312-manylinux_2_17_aarch64.manylinux2014_aarch64.whl", hash = "sha256:1f71ea527786de97d1a0cc0eacd1defc0985dcf6b3f17bb77dcfc8c34bec4dc5"},
    {file = "PyYAML-6.0.2-cp312-cp312-manylinux_2_17_s390x.manylinux2014_s390x.whl", hash = "sha256:9b22676e8097e9e22e36d6b7bda33190d0d400f345f23d4065d48f4ca7ae0425"},
    {file = "PyYAML-6.0.2-cp312-cp312-manylinux_2_17_x86_64.manylinux2014_x86_64.whl", hash = "sha256:80bab7bfc629882493af4aa31a4cfa43a4c57c83813253626916b8c7ada83476"},
    {file = "PyYAML-6.0.2-cp312-cp312-musllinux_1_1_aarch64.whl", hash = "sha256:0833f8694549e586547b576dcfaba4a6b55b9e96098b36cdc7ebefe667dfed48"},
    {file = "PyYAML-6.0.2-cp312-cp312-musllinux_1_1_x86_64.whl", hash = "sha256:8b9c7197f7cb2738065c481a0461e50ad02f18c78cd75775628afb4d7137fb3b"},
    {file = "PyYAML-6.0.2-cp312-cp312-win32.whl", hash = "sha256:ef6107725bd54b262d6dedcc2af448a266975032bc85ef0172c5f059da6325b4"},
    {file = "PyYAML-6.0.2-cp312-cp312-win_amd64.whl", hash = "sha256:7e7401d0de89a9a855c839bc697c079a4af81cf878373abd7dc625847d25cbd8"},
    {file = "PyYAML-6.0.2-cp313-cp313-macosx_10_13_x86_64.whl", hash = "sha256:efdca5630322a10774e8e98e1af481aad470dd62c3170801852d752aa7a783ba"},
    {file = "PyYAML-6.0.2-cp313-cp313-macosx_11_0_arm64.whl", hash = "sha256:50187695423ffe49e2deacb8cd10510bc361faac997de9efef88badc3bb9e2d1"},
    {file = "PyYAML-6.0.2-cp313-cp313-manylinux_2_17_aarch64.manylinux2014_aarch64.whl", hash = "sha256:0ffe8360bab4910ef1b9e87fb812d8bc0a308b0d0eef8c8f44e0254ab3b07133"},
    {file = "PyYAML-6.0.2-cp313-cp313-manylinux_2_17_s390x.manylinux2014_s390x.whl", hash = "sha256:17e311b6c678207928d649faa7cb0d7b4c26a0ba73d41e99c4fff6b6c3276484"},
    {file = "PyYAML-6.0.2-cp313-cp313-manylinux_2_17_x86_64.manylinux2014_x86_64.whl", hash = "sha256:70b189594dbe54f75ab3a1acec5f1e3faa7e8cf2f1e08d9b561cb41b845f69d5"},
    {file = "PyYAML-6.0.2-cp313-cp313-musllinux_1_1_aarch64.whl", hash = "sha256:41e4e3953a79407c794916fa277a82531dd93aad34e29c2a514c2c0c5fe971cc"},
    {file = "PyYAML-6.0.2-cp313-cp313-musllinux_1_1_x86_64.whl", hash = "sha256:68ccc6023a3400877818152ad9a1033e3db8625d899c72eacb5a668902e4d652"},
    {file = "PyYAML-6.0.2-cp313-cp313-win32.whl", hash = "sha256:bc2fa7c6b47d6bc618dd7fb02ef6fdedb1090ec036abab80d4681424b84c1183"},
    {file = "PyYAML-6.0.2-cp313-cp313-win_amd64.whl", hash = "sha256:8388ee1976c416731879ac16da0aff3f63b286ffdd57cdeb95f3f2e085687563"},
    {file = "PyYAML-6.0.2-cp38-cp38-macosx_10_9_x86_64.whl", hash = "sha256:24471b829b3bf607e04e88d79542a9d48bb037c2267d7927a874e6c205ca7e9a"},
    {file = "PyYAML-6.0.2-cp38-cp38-manylinux_2_17_aarch64.manylinux2014_aarch64.whl", hash = "sha256:d7fded462629cfa4b685c5416b949ebad6cec74af5e2d42905d41e257e0869f5"},
    {file = "PyYAML-6.0.2-cp38-cp38-manylinux_2_17_s390x.manylinux2014_s390x.whl", hash = "sha256:d84a1718ee396f54f3a086ea0a66d8e552b2ab2017ef8b420e92edbc841c352d"},
    {file = "PyYAML-6.0.2-cp38-cp38-manylinux_2_17_x86_64.manylinux2014_x86_64.whl", hash = "sha256:9056c1ecd25795207ad294bcf39f2db3d845767be0ea6e6a34d856f006006083"},
    {file = "PyYAML-6.0.2-cp38-cp38-musllinux_1_1_x86_64.whl", hash = "sha256:82d09873e40955485746739bcb8b4586983670466c23382c19cffecbf1fd8706"},
    {file = "PyYAML-6.0.2-cp38-cp38-win32.whl", hash = "sha256:43fa96a3ca0d6b1812e01ced1044a003533c47f6ee8aca31724f78e93ccc089a"},
    {file = "PyYAML-6.0.2-cp38-cp38-win_amd64.whl", hash = "sha256:01179a4a8559ab5de078078f37e5c1a30d76bb88519906844fd7bdea1b7729ff"},
    {file = "PyYAML-6.0.2-cp39-cp39-macosx_10_9_x86_64.whl", hash = "sha256:688ba32a1cffef67fd2e9398a2efebaea461578b0923624778664cc1c914db5d"},
    {file = "PyYAML-6.0.2-cp39-cp39-macosx_11_0_arm64.whl", hash = "sha256:a8786accb172bd8afb8be14490a16625cbc387036876ab6ba70912730faf8e1f"},
    {file = "PyYAML-6.0.2-cp39-cp39-manylinux_2_17_aarch64.manylinux2014_aarch64.whl", hash = "sha256:d8e03406cac8513435335dbab54c0d385e4a49e4945d2909a581c83647ca0290"},
    {file = "PyYAML-6.0.2-cp39-cp39-manylinux_2_17_s390x.manylinux2014_s390x.whl", hash = "sha256:f753120cb8181e736c57ef7636e83f31b9c0d1722c516f7e86cf15b7aa57ff12"},
    {file = "PyYAML-6.0.2-cp39-cp39-manylinux_2_17_x86_64.manylinux2014_x86_64.whl", hash = "sha256:3b1fdb9dc17f5a7677423d508ab4f243a726dea51fa5e70992e59a7411c89d19"},
    {file = "PyYAML-6.0.2-cp39-cp39-musllinux_1_1_aarch64.whl", hash = "sha256:0b69e4ce7a131fe56b7e4d770c67429700908fc0752af059838b1cfb41960e4e"},
    {file = "PyYAML-6.0.2-cp39-cp39-musllinux_1_1_x86_64.whl", hash = "sha256:a9f8c2e67970f13b16084e04f134610fd1d374bf477b17ec1599185cf611d725"},
    {file = "PyYAML-6.0.2-cp39-cp39-win32.whl", hash = "sha256:6395c297d42274772abc367baaa79683958044e5d3835486c16da75d2a694631"},
    {file = "PyYAML-6.0.2-cp39-cp39-win_amd64.whl", hash = "sha256:39693e1f8320ae4f43943590b49779ffb98acb81f788220ea932a6b6c51004d8"},
    {file = "pyyaml-6.0.2.tar.gz", hash = "sha256:d584d9ec91ad65861cc08d42e834324ef890a082e591037abe114850ff7bbc3e"},
]

[[package]]
name = "tomli"
version = "2.2.1"
description = "A lil' TOML parser"
optional = false
python-versions = ">=3.8"
groups = ["dev"]
markers = "python_version == \"3.10\""
files = [
    {file = "tomli-2.2.1-cp311-cp311-macosx_10_9_x86_64.whl", hash = "sha256:678e4fa69e4575eb77d103de3df8a895e1591b48e740211bd1067378c69e8249"},
    {file = "tomli-2.2.1-cp311-cp311-macosx_11_0_arm64.whl", hash = "sha256:023aa114dd824ade0100497eb2318602af309e5a55595f76b626d6d9f3b7b0a6"},
    {file = "tomli-2.2.1-cp311-cp311-manylinux_2_17_aarch64.manylinux2014_aarch64.whl", hash = "sha256:ece47d672db52ac607a3d9599a9d48dcb2f2f735c6c2d1f34130085bb12b112a"},
    {file = "tomli-2.2.1-cp311-cp311-manylinux_2_17_x86_64.manylinux2014_x86_64.whl", hash = "sha256:6972ca9c9cc9f0acaa56a8ca1ff51e7af152a9f87fb64623e31d5c83700080ee"},
    {file = "tomli-2.2.1-cp311-cp311-manylinux_2_5_i686.manylinux1_i686.manylinux_2_17_i686.manylinux2014_i686.whl", hash = "sha256:c954d2250168d28797dd4e3ac5cf812a406cd5a92674ee4c8f123c889786aa8e"},
    {file = "tomli-2.2.1-cp311-cp311-musllinux_1_2_aarch64.whl", hash = "sha256:8dd28b3e155b80f4d54beb40a441d366adcfe740969820caf156c019fb5c7ec4"},
    {file = "tomli-2.2.1-cp311-cp311-musllinux_1_2_i686.whl", hash = "sha256:e59e304978767a54663af13c07b3d1af22ddee3bb2fb0618ca1593e4f593a106"},
    {file = "tomli-2.2.1-cp311-cp311-musllinux_1_2_x86_64.whl", hash = "sha256:33580bccab0338d00994d7f16f4c4ec25b776af3ffaac1ed74e0b3fc95e885a8"},
    {file = "tomli-2.2.1-cp311-cp311-win32.whl", hash = "sha256:465af0e0875402f1d226519c9904f37254b3045fc5084697cefb9bdde1ff99ff"},
    {file = "tomli-2.2.1-cp311-cp311-win_amd64.whl", hash = "sha256:2d0f2fdd22b02c6d81637a3c95f8cd77f995846af7414c5c4b8d0545afa1bc4b"},
    {file = "tomli-2.2.1-cp312-cp312-macosx_10_13_x86_64.whl", hash = "sha256:4a8f6e44de52d5e6c657c9fe83b562f5f4256d8ebbfe4ff922c495620a7f6cea"},
    {file = "tomli-2.2.1-cp312-cp312-macosx_11_0_arm64.whl", hash = "sha256:8d57ca8095a641b8237d5b079147646153d22552f1c637fd3ba7f4b0b29167a8"},
    {file = "tomli-2.2.1-cp312-cp312-manylinux_2_17_aarch64.manylinux2014_aarch64.whl", hash = "sha256:4e340144ad7ae1533cb897d406382b4b6fede8890a03738ff1683af800d54192"},
    {file = "tomli-2.2.1-cp312-cp312-manylinux_2_17_x86_64.manylinux2014_x86_64.whl", hash = "sha256:db2b95f9de79181805df90bedc5a5ab4c165e6ec3fe99f970d0e302f384ad222"},
    {file = "tomli-2.2.1-cp312-cp312-manylinux_2_5_i686.manylinux1_i686.manylinux_2_17_i686.manylinux2014_i686.whl", hash = "sha256:40741994320b232529c802f8bc86da4e1aa9f413db394617b9a256ae0f9a7f77"},
    {file = "tomli-2.2.1-cp312-cp312-musllinux_1_2_aarch64.whl", hash = "sha256:400e720fe168c0f8521520190686ef8ef033fb19fc493da09779e592861b78c6"},
    {file = "tomli-2.2.1-cp312-cp312-musllinux_1_2_i686.whl", hash = "sha256:02abe224de6ae62c19f090f68da4e27b10af2b93213d36cf44e6e1c5abd19fdd"},
    {file = "tomli-2.2.1-cp312-cp312-musllinux_1_2_x86_64.whl", hash = "sha256:b82ebccc8c8a36f2094e969560a1b836758481f3dc360ce9a3277c65f374285e"},
    {file = "tomli-2.2.1-cp312-cp312-win32.whl", hash = "sha256:889f80ef92701b9dbb224e49ec87c645ce5df3fa2cc548664eb8a25e03127a98"},
    {file = "tomli-2.2.1-cp312-cp312-win_amd64.whl", hash = "sha256:7fc04e92e1d624a4a63c76474610238576942d6b8950a2d7f908a340494e67e4"},
    {file = "tomli-2.2.1-cp313-cp313-macosx_10_13_x86_64.whl", hash = "sha256:f4039b9cbc3048b2416cc57ab3bda989a6fcf9b36cf8937f01a6e731b64f80d7"},
    {file = "tomli-2.2.1-cp313-cp313-macosx_11_0_arm64.whl", hash = "sha256:286f0ca2ffeeb5b9bd4fcc8d6c330534323ec51b2f52da063b11c502da16f30c"},
    {file = "tomli-2.2.1-cp313-cp313-manylinux_2_17_aarch64.manylinux2014_aarch64.whl", hash = "sha256:a92ef1a44547e894e2a17d24e7557a5e85a9e1d0048b0b5e7541f76c5032cb13"},
    {file = "tomli-2.2.1-cp313-cp313-manylinux_2_17_x86_64.manylinux2014_x86_64.whl", hash = "sha256:9316dc65bed1684c9a98ee68759ceaed29d229e985297003e494aa825ebb0281"},
    {file = "tomli-2.2.1-cp313-cp313-manylinux_2_5_i686.manylinux1_i686.manylinux_2_17_i686.manylinux2014_i686.whl", hash = "sha256:e85e99945e688e32d5a35c1ff38ed0b3f41f43fad8df0bdf79f72b2ba7bc5272"},
    {file = "tomli-2.2.1-cp313-cp313-musllinux_1_2_aarch64.whl", hash = "sha256:ac065718db92ca818f8d6141b5f66369833d4a80a9d74435a268c52bdfa73140"},
    {file = "tomli-2.2.1-cp313-cp313-musllinux_1_2_i686.whl", hash = "sha256:d920f33822747519673ee656a4b6ac33e382eca9d331c87770faa3eef562aeb2"},
    {file = "tomli-2.2.1-cp313-cp313-musllinux_1_2_x86_64.whl", hash = "sha256:a198f10c4d1b1375d7687bc25294306e551bf1abfa4eace6650070a5c1ae2744"},
    {file = "tomli-2.2.1-cp313-cp313-win32.whl", hash = "sha256:d3f5614314d758649ab2ab3a62d4f2004c825922f9e370b29416484086b264ec"},
    {file = "tomli-2.2.1-cp313-cp313-win_amd64.whl", hash = "sha256:a38aa0308e754b0e3c67e344754dff64999ff9b513e691d0e786265c93583c69"},
    {file = "tomli-2.2.1-py3-none-any.whl", hash = "sha256:cb55c73c5f4408779d0cf3eef9f762b9c9f147a77de7b258bef0a5628adc85cc"},
    {file = "tomli-2.2.1.tar.gz", hash = "sha256:cd45e1dc79c835ce60f7404ec8119f2eb06d38b1deba146f07ced3bbc44505ff"},
]

[[package]]
name = "toolz"
version = "1.0.0"
description = "List processing tools and functional utilities"
optional = false
python-versions = ">=3.8"
groups = ["main", "dev"]
files = [
    {file = "toolz-1.0.0-py3-none-any.whl", hash = "sha256:292c8f1c4e7516bf9086f8850935c799a874039c8bcf959d47b600e4c44a6236"},
    {file = "toolz-1.0.0.tar.gz", hash = "sha256:2c86e3d9a04798ac556793bced838816296a2f085017664e4995cb40a1047a02"},
]

[[package]]
name = "typing-extensions"
version = "4.15.0"
description = "Backported and Experimental Type Hints for Python 3.9+"
optional = false
python-versions = ">=3.9"
groups = ["dev"]
markers = "python_version == \"3.10\""
files = [
    {file = "typing_extensions-4.15.0-py3-none-any.whl", hash = "sha256:f0fa19c6845758ab08074a0cfa8b7aecb71c999ca73d62883bc25cc018c4e548"},
    {file = "typing_extensions-4.15.0.tar.gz", hash = "sha256:0cea48d173cc12fa28ecabc3b837ea3cf6f38c6d1136f85cbaaf598984861466"},
]

[[package]]
name = "zipp"
version = "3.23.0"
description = "Backport of pathlib-compatible object wrapper for zip files"
optional = false
python-versions = ">=3.9"
groups = ["main"]
markers = "python_version < \"3.12\""
files = [
    {file = "zipp-3.23.0-py3-none-any.whl", hash = "sha256:071652d6115ed432f5ce1d34c336c0adfd6a884660d1e9712a256d3d3bd4b14e"},
    {file = "zipp-3.23.0.tar.gz", hash = "sha256:a07157588a12518c9d4034df3fbbee09c814741a33ff63c05fa29d26a2404166"},
]

[package.extras]
check = ["pytest-checkdocs (>=2.4)", "pytest-ruff (>=0.2.1) ; sys_platform != \"cygwin\""]
cover = ["pytest-cov"]
doc = ["furo", "jaraco.packaging (>=9.3)", "jaraco.tidelift (>=1.4)", "rst.linker (>=1.9)", "sphinx (>=3.5)", "sphinx-lint"]
enabler = ["pytest-enabler (>=2.2)"]
test = ["big-O", "jaraco.functools", "jaraco.itertools", "jaraco.test", "more_itertools", "pytest (>=6,!=8.1.*)", "pytest-ignore-flaky"]
type = ["pytest-mypy"]

[metadata]
lock-version = "2.1"
python-versions = ">=3.10,<4"
content-hash = "43fa33c02b5a720be259c50c22b73d0bf347db103261c34ae566f3e7595eda06"
